{
  "name": "carbon",
  "version": "0.1.0",
  "lockfileVersion": 3,
  "requires": true,
  "packages": {
    "": {
      "name": "carbon",
      "version": "0.1.0",
      "devDependencies": {
        "@moddable/typings": "^8.0.1"
      }
    },
    "node_modules/@moddable/typings": {
      "version": "8.0.1",
      "resolved": "https://registry.npmjs.org/@moddable/typings/-/typings-8.0.1.tgz",
      "integrity": "sha512-iP7L3NoDWXLNk9QlF3OzfVP7itOj4kddJjX8q4mF/3odniU+fT93+i28TkNlr72h216LQi98AWtXRO3rlAX7lQ==",
      "dev": true,
      "license": "ISC"
    }
  }
}
